schema: '2.0'
stages:
  cleaing:
    cmd: python scripts/clean.py data/store.csv
    deps:
    - path: data/store.csv
      md5: 30c9ccb5af66c21f65e7d1da967e6251
      size: 45010
    - path: scripts/clean.py
      md5: 5d2989271c9dd135a4f74059e7b6f724
      size: 1301
    outs:
    - path: data/clean.csv
      md5: df7d8916bcd9fe2c0655398312f6fe57
      size: 46994
  eda:
    cmd: python scripts/eda.py data/clean.csv
    deps:
    - path: data/clean.csv
      md5: df7d8916bcd9fe2c0655398312f6fe57
      size: 46994
    - path: scripts/eda.py
      md5: 1063e14ffa56dfab3e718667bd095167
      size: 2326
    outs:
    - path: data/eda.csv
      md5: df7d8916bcd9fe2c0655398312f6fe57
      size: 46994
